// !$*UTF8*$!
{
	archiveVersion = 1;
	classes = {
	};
	objectVersion = 77;
	objects = {

/* Begin PBXContainerItemProxy section */
		FA33C38A2C9B3AC100D72AED /* PBXContainerItemProxy */ = {
			isa = PBXContainerItemProxy;
			containerPortal = FA33C3662C9B3AC000D72AED /* Project object */;
			proxyType = 1;
			remoteGlobalIDString = FA33C36D2C9B3AC000D72AED;
			remoteInfo = LoginSampleApp;
		};
		FA33C3942C9B3AC100D72AED /* PBXContainerItemProxy */ = {
			isa = PBXContainerItemProxy;
			containerPortal = FA33C3662C9B3AC000D72AED /* Project object */;
			proxyType = 1;
			remoteGlobalIDString = FA33C36D2C9B3AC000D72AED;
			remoteInfo = LoginSampleApp;
		};
/* End PBXContainerItemProxy section */

/* Begin PBXFileReference section */
		FA33C36E2C9B3AC000D72AED /* LoginSampleApp.app */ = {isa = PBXFileReference; explicitFileType = wrapper.application; includeInIndex = 0; path = LoginSampleApp.app; sourceTree = BUILT_PRODUCTS_DIR; };
		FA33C3892C9B3AC100D72AED /* LoginSampleAppTests.xctest */ = {isa = PBXFileReference; explicitFileType = wrapper.cfbundle; includeInIndex = 0; path = LoginSampleAppTests.xctest; sourceTree = BUILT_PRODUCTS_DIR; };
		FA33C3932C9B3AC100D72AED /* LoginSampleAppUITests.xctest */ = {isa = PBXFileReference; explicitFileType = wrapper.cfbundle; includeInIndex = 0; path = LoginSampleAppUITests.xctest; sourceTree = BUILT_PRODUCTS_DIR; };
/* End PBXFileReference section */

/* Begin PBXFileSystemSynchronizedBuildFileExceptionSet section */
		FA33C39B2C9B3AC100D72AED /* Exceptions for "LoginSampleApp" folder in "LoginSampleApp" target */ = {
			isa = PBXFileSystemSynchronizedBuildFileExceptionSet;
			membershipExceptions = (
				Info.plist,
			);
			target = FA33C36D2C9B3AC000D72AED /* LoginSampleApp */;
		};
/* End PBXFileSystemSynchronizedBuildFileExceptionSet section */

/* Begin PBXFileSystemSynchronizedRootGroup section */
		FA33C3702C9B3AC000D72AED /* LoginSampleApp */ = {
			isa = PBXFileSystemSynchronizedRootGroup;
			exceptions = (
				FA33C39B2C9B3AC100D72AED /* Exceptions for "LoginSampleApp" folder in "LoginSampleApp" target */,
			);
			path = LoginSampleApp;
			sourceTree = "<group>";
		};
		FA33C38C2C9B3AC100D72AED /* LoginSampleAppTests */ = {
			isa = PBXFileSystemSynchronizedRootGroup;
			path = LoginSampleAppTests;
			sourceTree = "<group>";
		};
		FA33C3962C9B3AC100D72AED /* LoginSampleAppUITests */ = {
			isa = PBXFileSystemSynchronizedRootGroup;
			path = LoginSampleAppUITests;
			sourceTree = "<group>";
		};
/* End PBXFileSystemSynchronizedRootGroup section */

/* Begin PBXFrameworksBuildPhase section */
		FA33C36B2C9B3AC000D72AED /* Frameworks */ = {
			isa = PBXFrameworksBuildPhase;
			buildActionMask = 2147483647;
			files = (
			);
			runOnlyForDeploymentPostprocessing = 0;
		};
		FA33C3862C9B3AC100D72AED /* Frameworks */ = {
			isa = PBXFrameworksBuildPhase;
			buildActionMask = 2147483647;
			files = (
			);
			runOnlyForDeploymentPostprocessing = 0;
		};
		FA33C3902C9B3AC100D72AED /* Frameworks */ = {
			isa = PBXFrameworksBuildPhase;
			buildActionMask = 2147483647;
			files = (
			);
			runOnlyForDeploymentPostprocessing = 0;
		};
/* End PBXFrameworksBuildPhase section */

/* Begin PBXGroup section */
		FA33C3652C9B3AC000D72AED = {
			isa = PBXGroup;
			children = (
				FA33C3702C9B3AC000D72AED /* LoginSampleApp */,
				FA33C38C2C9B3AC100D72AED /* LoginSampleAppTests */,
				FA33C3962C9B3AC100D72AED /* LoginSampleAppUITests */,
				FA33C36F2C9B3AC000D72AED /* Products */,
			);
			sourceTree = "<group>";
		};
		FA33C36F2C9B3AC000D72AED /* Products */ = {
			isa = PBXGroup;
			children = (
				FA33C36E2C9B3AC000D72AED /* LoginSampleApp.app */,
				FA33C3892C9B3AC100D72AED /* LoginSampleAppTests.xctest */,
				FA33C3932C9B3AC100D72AED /* LoginSampleAppUITests.xctest */,
			);
			name = Products;
			sourceTree = "<group>";
		};
/* End PBXGroup section */

/* Begin PBXNativeTarget section */
		FA33C36D2C9B3AC000D72AED /* LoginSampleApp */ = {
			isa = PBXNativeTarget;
			buildConfigurationList = FA33C39C2C9B3AC100D72AED /* Build configuration list for PBXNativeTarget "LoginSampleApp" */;
			buildPhases = (
				FA33C36A2C9B3AC000D72AED /* Sources */,
				FA33C36B2C9B3AC000D72AED /* Frameworks */,
				FA33C36C2C9B3AC000D72AED /* Resources */,
			);
			buildRules = (
			);
			dependencies = (
			);
			fileSystemSynchronizedGroups = (
				FA33C3702C9B3AC000D72AED /* LoginSampleApp */,
			);
			name = LoginSampleApp;
			packageProductDependencies = (
			);
			productName = LoginSampleApp;
			productReference = FA33C36E2C9B3AC000D72AED /* LoginSampleApp.app */;
			productType = "com.apple.product-type.application";
		};
		FA33C3882C9B3AC100D72AED /* LoginSampleAppTests */ = {
			isa = PBXNativeTarget;
			buildConfigurationList = FA33C3A12C9B3AC100D72AED /* Build configuration list for PBXNativeTarget "LoginSampleAppTests" */;
			buildPhases = (
				FA33C3852C9B3AC100D72AED /* Sources */,
				FA33C3862C9B3AC100D72AED /* Frameworks */,
				FA33C3872C9B3AC100D72AED /* Resources */,
			);
			buildRules = (
			);
			dependencies = (
				FA33C38B2C9B3AC100D72AED /* PBXTargetDependency */,
			);
			fileSystemSynchronizedGroups = (
				FA33C38C2C9B3AC100D72AED /* LoginSampleAppTests */,
			);
			name = LoginSampleAppTests;
			packageProductDependencies = (
			);
			productName = LoginSampleAppTests;
			productReference = FA33C3892C9B3AC100D72AED /* LoginSampleAppTests.xctest */;
			productType = "com.apple.product-type.bundle.unit-test";
		};
		FA33C3922C9B3AC100D72AED /* LoginSampleAppUITests */ = {
			isa = PBXNativeTarget;
			buildConfigurationList = FA33C3A42C9B3AC100D72AED /* Build configuration list for PBXNativeTarget "LoginSampleAppUITests" */;
			buildPhases = (
				FA33C38F2C9B3AC100D72AED /* Sources */,
				FA33C3902C9B3AC100D72AED /* Frameworks */,
				FA33C3912C9B3AC100D72AED /* Resources */,
			);
			buildRules = (
			);
			dependencies = (
				FA33C3952C9B3AC100D72AED /* PBXTargetDependency */,
			);
			fileSystemSynchronizedGroups = (
				FA33C3962C9B3AC100D72AED /* LoginSampleAppUITests */,
			);
			name = LoginSampleAppUITests;
			packageProductDependencies = (
			);
			productName = LoginSampleAppUITests;
			productReference = FA33C3932C9B3AC100D72AED /* LoginSampleAppUITests.xctest */;
			productType = "com.apple.product-type.bundle.ui-testing";
		};
/* End PBXNativeTarget section */

/* Begin PBXProject section */
		FA33C3662C9B3AC000D72AED /* Project object */ = {
			isa = PBXProject;
			attributes = {
				BuildIndependentTargetsInParallel = 1;
				LastUpgradeCheck = 1600;
				TargetAttributes = {
					FA33C36D2C9B3AC000D72AED = {
						CreatedOnToolsVersion = 16.0;
						LastSwiftMigration = 1600;
					};
					FA33C3882C9B3AC100D72AED = {
						CreatedOnToolsVersion = 16.0;
						TestTargetID = FA33C36D2C9B3AC000D72AED;
					};
					FA33C3922C9B3AC100D72AED = {
						CreatedOnToolsVersion = 16.0;
						TestTargetID = FA33C36D2C9B3AC000D72AED;
					};
				};
			};
			buildConfigurationList = FA33C3692C9B3AC000D72AED /* Build configuration list for PBXProject "LoginSampleApp" */;
			developmentRegion = en;
			hasScannedForEncodings = 0;
			knownRegions = (
				en,
				Base,
			);
			mainGroup = FA33C3652C9B3AC000D72AED;
			minimizedProjectReferenceProxies = 1;
			preferredProjectObjectVersion = 77;
			productRefGroup = FA33C36F2C9B3AC000D72AED /* Products */;
			projectDirPath = "";
			projectRoot = "";
			targets = (
				FA33C36D2C9B3AC000D72AED /* LoginSampleApp */,
				FA33C3882C9B3AC100D72AED /* LoginSampleAppTests */,
				FA33C3922C9B3AC100D72AED /* LoginSampleAppUITests */,
			);
		};
/* End PBXProject section */

/* Begin PBXResourcesBuildPhase section */
		FA33C36C2C9B3AC000D72AED /* Resources */ = {
			isa = PBXResourcesBuildPhase;
			buildActionMask = 2147483647;
			files = (
			);
			runOnlyForDeploymentPostprocessing = 0;
		};
		FA33C3872C9B3AC100D72AED /* Resources */ = {
			isa = PBXResourcesBuildPhase;
			buildActionMask = 2147483647;
			files = (
			);
			runOnlyForDeploymentPostprocessing = 0;
		};
		FA33C3912C9B3AC100D72AED /* Resources */ = {
			isa = PBXResourcesBuildPhase;
			buildActionMask = 2147483647;
			files = (
			);
			runOnlyForDeploymentPostprocessing = 0;
		};
/* End PBXResourcesBuildPhase section */

/* Begin PBXSourcesBuildPhase section */
		FA33C36A2C9B3AC000D72AED /* Sources */ = {
			isa = PBXSourcesBuildPhase;
			buildActionMask = 2147483647;
			files = (
			);
			runOnlyForDeploymentPostprocessing = 0;
		};
		FA33C3852C9B3AC100D72AED /* Sources */ = {
			isa = PBXSourcesBuildPhase;
			buildActionMask = 2147483647;
			files = (
			);
			runOnlyForDeploymentPostprocessing = 0;
		};
		FA33C38F2C9B3AC100D72AED /* Sources */ = {
			isa = PBXSourcesBuildPhase;
			buildActionMask = 2147483647;
			files = (
			);
			runOnlyForDeploymentPostprocessing = 0;
		};
/* End PBXSourcesBuildPhase section */

/* Begin PBXTargetDependency section */
		FA33C38B2C9B3AC100D72AED /* PBXTargetDependency */ = {
			isa = PBXTargetDependency;
			target = FA33C36D2C9B3AC000D72AED /* LoginSampleApp */;
			targetProxy = FA33C38A2C9B3AC100D72AED /* PBXContainerItemProxy */;
		};
		FA33C3952C9B3AC100D72AED /* PBXTargetDependency */ = {
			isa = PBXTargetDependency;
			target = FA33C36D2C9B3AC000D72AED /* LoginSampleApp */;
			targetProxy = FA33C3942C9B3AC100D72AED /* PBXContainerItemProxy */;
		};
/* End PBXTargetDependency section */

/* Begin XCBuildConfiguration section */
		FA33C39D2C9B3AC100D72AED /* Debug */ = {
			isa = XCBuildConfiguration;
			buildSettings = {
				ASSETCATALOG_COMPILER_APPICON_NAME = AppIcon;
				ASSETCATALOG_COMPILER_GLOBAL_ACCENT_COLOR_NAME = AccentColor;
				CLANG_ENABLE_MODULES = YES;
				CODE_SIGN_STYLE = Automatic;
				CURRENT_PROJECT_VERSION = 1;
				DEVELOPMENT_TEAM = NZ756RBUHX;
				GENERATE_INFOPLIST_FILE = YES;
				INFOPLIST_FILE = LoginSampleApp/Info.plist;
				INFOPLIST_KEY_UIApplicationSupportsIndirectInputEvents = YES;
				INFOPLIST_KEY_UILaunchStoryboardName = LaunchScreen;
				INFOPLIST_KEY_UIMainStoryboardFile = Main;
				INFOPLIST_KEY_UISupportedInterfaceOrientations_iPad = "UIInterfaceOrientationPortrait UIInterfaceOrientationPortraitUpsideDown UIInterfaceOrientationLandscapeLeft UIInterfaceOrientationLandscapeRight";
				INFOPLIST_KEY_UISupportedInterfaceOrientations_iPhone = "UIInterfaceOrientationPortrait UIInterfaceOrientationLandscapeLeft UIInterfaceOrientationLandscapeRight";
				LD_RUNPATH_SEARCH_PATHS = (
					"$(inherited)",
					"@executable_path/Frameworks",
				);
				MARKETING_VERSION = 1.0;
				PRODUCT_BUNDLE_IDENTIFIER = vitor.LoginSampleApp;
				PRODUCT_NAME = "$(TARGET_NAME)";
				SWIFT_EMIT_LOC_STRINGS = YES;
				SWIFT_OBJC_BRIDGING_HEADER = "LoginSampleApp/LoginSampleApp-Bridging-Header.h";
				SWIFT_OPTIMIZATION_LEVEL = "-Onone";
				SWIFT_VERSION = 6.0;
				TARGETED_DEVICE_FAMILY = "1,2";
			};
			name = Debug;
		};
		FA33C39E2C9B3AC100D72AED /* Release */ = {
			isa = XCBuildConfiguration;
			buildSettings = {
				ASSETCATALOG_COMPILER_APPICON_NAME = AppIcon;
				ASSETCATALOG_COMPILER_GLOBAL_ACCENT_COLOR_NAME = AccentColor;
				CLANG_ENABLE_MODULES = YES;
				CODE_SIGN_STYLE = Automatic;
				CURRENT_PROJECT_VERSION = 1;
				DEVELOPMENT_TEAM = NZ756RBUHX;
				GENERATE_INFOPLIST_FILE = YES;
				INFOPLIST_FILE = LoginSampleApp/Info.plist;
				INFOPLIST_KEY_UIApplicationSupportsIndirectInputEvents = YES;
				INFOPLIST_KEY_UILaunchStoryboardName = LaunchScreen;
				INFOPLIST_KEY_UIMainStoryboardFile = Main;
				INFOPLIST_KEY_UISupportedInterfaceOrientations_iPad = "UIInterfaceOrientationPortrait UIInterfaceOrientationPortraitUpsideDown UIInterfaceOrientationLandscapeLeft UIInterfaceOrientationLandscapeRight";
				INFOPLIST_KEY_UISupportedInterfaceOrientations_iPhone = "UIInterfaceOrientationPortrait UIInterfaceOrientationLandscapeLeft UIInterfaceOrientationLandscapeRight";
				LD_RUNPATH_SEARCH_PATHS = (
					"$(inherited)",
					"@executable_path/Frameworks",
				);
				MARKETING_VERSION = 1.0;
				PRODUCT_BUNDLE_IDENTIFIER = vitor.LoginSampleApp;
				PRODUCT_NAME = "$(TARGET_NAME)";
				SWIFT_EMIT_LOC_STRINGS = YES;
				SWIFT_OBJC_BRIDGING_HEADER = "LoginSampleApp/LoginSampleApp-Bridging-Header.h";
				SWIFT_VERSION = 6.0;
				TARGETED_DEVICE_FAMILY = "1,2";
			};
			name = Release;
		};
		FA33C39F2C9B3AC100D72AED /* Debug */ = {
			isa = XCBuildConfiguration;
			buildSettings = {
				ALWAYS_SEARCH_USER_PATHS = NO;
				ASSETCATALOG_COMPILER_GENERATE_SWIFT_ASSET_SYMBOL_EXTENSIONS = YES;
				CLANG_ANALYZER_NONNULL = YES;
				CLANG_ANALYZER_NUMBER_OBJECT_CONVERSION = YES_AGGRESSIVE;
				CLANG_CXX_LANGUAGE_STANDARD = "gnu++20";
				CLANG_ENABLE_MODULES = YES;
				CLANG_ENABLE_OBJC_ARC = YES;
				CLANG_ENABLE_OBJC_WEAK = YES;
				CLANG_WARN_BLOCK_CAPTURE_AUTORELEASING = YES;
				CLANG_WARN_BOOL_CONVERSION = YES;
				CLANG_WARN_COMMA = YES;
				CLANG_WARN_CONSTANT_CONVERSION = YES;
				CLANG_WARN_DEPRECATED_OBJC_IMPLEMENTATIONS = YES;
				CLANG_WARN_DIRECT_OBJC_ISA_USAGE = YES_ERROR;
				CLANG_WARN_DOCUMENTATION_COMMENTS = YES;
				CLANG_WARN_EMPTY_BODY = YES;
				CLANG_WARN_ENUM_CONVERSION = YES;
				CLANG_WARN_INFINITE_RECURSION = YES;
				CLANG_WARN_INT_CONVERSION = YES;
				CLANG_WARN_NON_LITERAL_NULL_CONVERSION = YES;
				CLANG_WARN_OBJC_IMPLICIT_RETAIN_SELF = YES;
				CLANG_WARN_OBJC_LITERAL_CONVERSION = YES;
				CLANG_WARN_OBJC_ROOT_CLASS = YES_ERROR;
				CLANG_WARN_QUOTED_INCLUDE_IN_FRAMEWORK_HEADER = YES;
				CLANG_WARN_RANGE_LOOP_ANALYSIS = YES;
				CLANG_WARN_STRICT_PROTOTYPES = YES;
				CLANG_WARN_SUSPICIOUS_MOVE = YES;
				CLANG_WARN_UNGUARDED_AVAILABILITY = YES_AGGRESSIVE;
				CLANG_WARN_UNREACHABLE_CODE = YES;
				CLANG_WARN__DUPLICATE_METHOD_MATCH = YES;
				COPY_PHASE_STRIP = NO;
				DEBUG_INFORMATION_FORMAT = dwarf;
				ENABLE_STRICT_OBJC_MSGSEND = YES;
				ENABLE_TESTABILITY = YES;
				ENABLE_USER_SCRIPT_SANDBOXING = YES;
				GCC_C_LANGUAGE_STANDARD = gnu17;
				GCC_DYNAMIC_NO_PIC = NO;
				GCC_NO_COMMON_BLOCKS = YES;
				GCC_OPTIMIZATION_LEVEL = 0;
				GCC_PREPROCESSOR_DEFINITIONS = (
					"DEBUG=1",
					"$(inherited)",
				);
				GCC_WARN_64_TO_32_BIT_CONVERSION = YES;
				GCC_WARN_ABOUT_RETURN_TYPE = YES_ERROR;
				GCC_WARN_UNDECLARED_SELECTOR = YES;
				GCC_WARN_UNINITIALIZED_AUTOS = YES_AGGRESSIVE;
				GCC_WARN_UNUSED_FUNCTION = YES;
				GCC_WARN_UNUSED_VARIABLE = YES;
				IPHONEOS_DEPLOYMENT_TARGET = 18.0;
				LOCALIZATION_PREFERS_STRING_CATALOGS = YES;
				MTL_ENABLE_DEBUG_INFO = INCLUDE_SOURCE;
				MTL_FAST_MATH = YES;
				ONLY_ACTIVE_ARCH = YES;
				SDKROOT = iphoneos;
			};
			name = Debug;
		};
		FA33C3A02C9B3AC100D72AED /* Release */ = {
			isa = XCBuildConfiguration;
			buildSettings = {
				ALWAYS_SEARCH_USER_PATHS = NO;
				ASSETCATALOG_COMPILER_GENERATE_SWIFT_ASSET_SYMBOL_EXTENSIONS = YES;
				CLANG_ANALYZER_NONNULL = YES;
				CLANG_ANALYZER_NUMBER_OBJECT_CONVERSION = YES_AGGRESSIVE;
				CLANG_CXX_LANGUAGE_STANDARD = "gnu++20";
				CLANG_ENABLE_MODULES = YES;
				CLANG_ENABLE_OBJC_ARC = YES;
				CLANG_ENABLE_OBJC_WEAK = YES;
				CLANG_WARN_BLOCK_CAPTURE_AUTORELEASING = YES;
				CLANG_WARN_BOOL_CONVERSION = YES;
				CLANG_WARN_COMMA = YES;
				CLANG_WARN_CONSTANT_CONVERSION = YES;
				CLANG_WARN_DEPRECATED_OBJC_IMPLEMENTATIONS = YES;
				CLANG_WARN_DIRECT_OBJC_ISA_USAGE = YES_ERROR;
				CLANG_WARN_DOCUMENTATION_COMMENTS = YES;
				CLANG_WARN_EMPTY_BODY = YES;
				CLANG_WARN_ENUM_CONVERSION = YES;
				CLANG_WARN_INFINITE_RECURSION = YES;
				CLANG_WARN_INT_CONVERSION = YES;
				CLANG_WARN_NON_LITERAL_NULL_CONVERSION = YES;
				CLANG_WARN_OBJC_IMPLICIT_RETAIN_SELF = YES;
				CLANG_WARN_OBJC_LITERAL_CONVERSION = YES;
				CLANG_WARN_OBJC_ROOT_CLASS = YES_ERROR;
				CLANG_WARN_QUOTED_INCLUDE_IN_FRAMEWORK_HEADER = YES;
				CLANG_WARN_RANGE_LOOP_ANALYSIS = YES;
				CLANG_WARN_STRICT_PROTOTYPES = YES;
				CLANG_WARN_SUSPICIOUS_MOVE = YES;
				CLANG_WARN_UNGUARDED_AVAILABILITY = YES_AGGRESSIVE;
				CLANG_WARN_UNREACHABLE_CODE = YES;
				CLANG_WARN__DUPLICATE_METHOD_MATCH = YES;
				COPY_PHASE_STRIP = NO;
				DEBUG_INFORMATION_FORMAT = "dwarf-with-dsym";
				ENABLE_NS_ASSERTIONS = NO;
				ENABLE_STRICT_OBJC_MSGSEND = YES;
				ENABLE_USER_SCRIPT_SANDBOXING = YES;
				GCC_C_LANGUAGE_STANDARD = gnu17;
				GCC_NO_COMMON_BLOCKS = YES;
				GCC_WARN_64_TO_32_BIT_CONVERSION = YES;
				GCC_WARN_ABOUT_RETURN_TYPE = YES_ERROR;
				GCC_WARN_UNDECLARED_SELECTOR = YES;
				GCC_WARN_UNINITIALIZED_AUTOS = YES_AGGRESSIVE;
				GCC_WARN_UNUSED_FUNCTION = YES;
				GCC_WARN_UNUSED_VARIABLE = YES;
				IPHONEOS_DEPLOYMENT_TARGET = 18.0;
				LOCALIZATION_PREFERS_STRING_CATALOGS = YES;
				MTL_ENABLE_DEBUG_INFO = NO;
				MTL_FAST_MATH = YES;
				SDKROOT = iphoneos;
				VALIDATE_PRODUCT = YES;
			};
			name = Release;
		};
		FA33C3A22C9B3AC100D72AED /* Debug */ = {
			isa = XCBuildConfiguration;
			buildSettings = {
				BUNDLE_LOADER = "$(TEST_HOST)";
				CODE_SIGN_STYLE = Automatic;
				CURRENT_PROJECT_VERSION = 1;
				DEVELOPMENT_TEAM = NZ756RBUHX;
				GENERATE_INFOPLIST_FILE = YES;
				IPHONEOS_DEPLOYMENT_TARGET = 18.0;
				MARKETING_VERSION = 1.0;
				PRODUCT_BUNDLE_IDENTIFIER = vitor.LoginSampleAppTests;
				PRODUCT_NAME = "$(TARGET_NAME)";
				SWIFT_EMIT_LOC_STRINGS = NO;
				TARGETED_DEVICE_FAMILY = "1,2";
				TEST_HOST = "$(BUILT_PRODUCTS_DIR)/LoginSampleApp.app/$(BUNDLE_EXECUTABLE_FOLDER_PATH)/LoginSampleApp";
			};
			name = Debug;
		};
		FA33C3A32C9B3AC100D72AED /* Release */ = {
			isa = XCBuildConfiguration;
			buildSettings = {
				BUNDLE_LOADER = "$(TEST_HOST)";
				CODE_SIGN_STYLE = Automatic;
				CURRENT_PROJECT_VERSION = 1;
				DEVELOPMENT_TEAM = NZ756RBUHX;
				GENERATE_INFOPLIST_FILE = YES;
				IPHONEOS_DEPLOYMENT_TARGET = 18.0;
				MARKETING_VERSION = 1.0;
				PRODUCT_BUNDLE_IDENTIFIER = vitor.LoginSampleAppTests;
				PRODUCT_NAME = "$(TARGET_NAME)";
				SWIFT_EMIT_LOC_STRINGS = NO;
				TARGETED_DEVICE_FAMILY = "1,2";
				TEST_HOST = "$(BUILT_PRODUCTS_DIR)/LoginSampleApp.app/$(BUNDLE_EXECUTABLE_FOLDER_PATH)/LoginSampleApp";
			};
			name = Release;
		};
		FA33C3A52C9B3AC100D72AED /* Debug */ = {
			isa = XCBuildConfiguration;
			buildSettings = {
				CODE_SIGN_STYLE = Automatic;
				CURRENT_PROJECT_VERSION = 1;
				DEVELOPMENT_TEAM = NZ756RBUHX;
				GENERATE_INFOPLIST_FILE = YES;
				MARKETING_VERSION = 1.0;
				PRODUCT_BUNDLE_IDENTIFIER = vitor.LoginSampleAppUITests;
				PRODUCT_NAME = "$(TARGET_NAME)";
				SWIFT_EMIT_LOC_STRINGS = NO;
				TARGETED_DEVICE_FAMILY = "1,2";
				TEST_TARGET_NAME = LoginSampleApp;
			};
			name = Debug;
		};
		FA33C3A62C9B3AC100D72AED /* Release */ = {
			isa = XCBuildConfiguration;
			buildSettings = {
				CODE_SIGN_STYLE = Automatic;
				CURRENT_PROJECT_VERSION = 1;
				DEVELOPMENT_TEAM = NZ756RBUHX;
				GENERATE_INFOPLIST_FILE = YES;
				MARKETING_VERSION = 1.0;
				PRODUCT_BUNDLE_IDENTIFIER = vitor.LoginSampleAppUITests;
				PRODUCT_NAME = "$(TARGET_NAME)";
				SWIFT_EMIT_LOC_STRINGS = NO;
				TARGETED_DEVICE_FAMILY = "1,2";
				TEST_TARGET_NAME = LoginSampleApp;
			};
			name = Release;
		};
/* End XCBuildConfiguration section */

/* Begin XCConfigurationList section */
		FA33C3692C9B3AC000D72AED /* Build configuration list for PBXProject "LoginSampleApp" */ = {
			isa = XCConfigurationList;
			buildConfigurations = (
				FA33C39F2C9B3AC100D72AED /* Debug */,
				FA33C3A02C9B3AC100D72AED /* Release */,
			);
			defaultConfigurationIsVisible = 0;
			defaultConfigurationName = Release;
		};
		FA33C39C2C9B3AC100D72AED /* Build configuration list for PBXNativeTarget "LoginSampleApp" */ = {
			isa = XCConfigurationList;
			buildConfigurations = (
				FA33C39D2C9B3AC100D72AED /* Debug */,
				FA33C39E2C9B3AC100D72AED /* Release */,
			);
			defaultConfigurationIsVisible = 0;
			defaultConfigurationName = Release;
		};
		FA33C3A12C9B3AC100D72AED /* Build configuration list for PBXNativeTarget "LoginSampleAppTests" */ = {
			isa = XCConfigurationList;
			buildConfigurations = (
				FA33C3A22C9B3AC100D72AED /* Debug */,
				FA33C3A32C9B3AC100D72AED /* Release */,
			);
			defaultConfigurationIsVisible = 0;
			defaultConfigurationName = Release;
		};
		FA33C3A42C9B3AC100D72AED /* Build configuration list for PBXNativeTarget "LoginSampleAppUITests" */ = {
			isa = XCConfigurationList;
			buildConfigurations = (
				FA33C3A52C9B3AC100D72AED /* Debug */,
				FA33C3A62C9B3AC100D72AED /* Release */,
			);
			defaultConfigurationIsVisible = 0;
			defaultConfigurationName = Release;
		};
/* End XCConfigurationList section */
	};
	rootObject = FA33C3662C9B3AC000D72AED /* Project object */;
}
